// !$*UTF8*$!
{
	archiveVersion = 1;
	classes = {
	};
	objectVersion = 46;
	objects = {

/* Begin PBXBuildFile section */
		10B1872E1D37C01200F00978 /* AppDelegate.swift in Sources */ = {isa = PBXBuildFile; fileRef = 10B1872D1D37C01200F00978 /* AppDelegate.swift */; };
		10B187301D37C01200F00978 /* ViewController.swift in Sources */ = {isa = PBXBuildFile; fileRef = 10B1872F1D37C01200F00978 /* ViewController.swift */; };
		10B187331D37C01200F00978 /* Main.storyboard in Resources */ = {isa = PBXBuildFile; fileRef = 10B187311D37C01200F00978 /* Main.storyboard */; };
		10B187351D37C01200F00978 /* Assets.xcassets in Resources */ = {isa = PBXBuildFile; fileRef = 10B187341D37C01200F00978 /* Assets.xcassets */; };
		10B187381D37C01200F00978 /* LaunchScreen.storyboard in Resources */ = {isa = PBXBuildFile; fileRef = 10B187361D37C01200F00978 /* LaunchScreen.storyboard */; };
		10B187411D37C04700F00978 /* FNPaperShredder.swift in Sources */ = {isa = PBXBuildFile; fileRef = 10B187401D37C04700F00978 /* FNPaperShredder.swift */; };
		10B187431D37C72F00F00978 /* FNGrayPart.swift in Sources */ = {isa = PBXBuildFile; fileRef = 10B187421D37C72F00F00978 /* FNGrayPart.swift */; };
		10B187451D37D3AD00F00978 /* FNPaperBar.swift in Sources */ = {isa = PBXBuildFile; fileRef = 10B187441D37D3AD00F00978 /* FNPaperBar.swift */; };
		10B187471D38057A00F00978 /* FNPaperPieceFall.swift in Sources */ = {isa = PBXBuildFile; fileRef = 10B187461D38057A00F00978 /* FNPaperPieceFall.swift */; };
		10B1874A1D38092C00F00978 /* paperPiece.png in Resources */ = {isa = PBXBuildFile; fileRef = 10B187491D38092C00F00978 /* paperPiece.png */; };
/* End PBXBuildFile section */

/* Begin PBXFileReference section */
		10B1872A1D37C01200F00978 /* FNPaperShredder.app */ = {isa = PBXFileReference; explicitFileType = wrapper.application; includeInIndex = 0; path = FNPaperShredder.app; sourceTree = BUILT_PRODUCTS_DIR; };
		10B1872D1D37C01200F00978 /* AppDelegate.swift */ = {isa = PBXFileReference; lastKnownFileType = sourcecode.swift; path = AppDelegate.swift; sourceTree = "<group>"; };
		10B1872F1D37C01200F00978 /* ViewController.swift */ = {isa = PBXFileReference; lastKnownFileType = sourcecode.swift; path = ViewController.swift; sourceTree = "<group>"; };
		10B187321D37C01200F00978 /* Base */ = {isa = PBXFileReference; lastKnownFileType = file.storyboard; name = Base; path = Base.lproj/Main.storyboard; sourceTree = "<group>"; };
		10B187341D37C01200F00978 /* Assets.xcassets */ = {isa = PBXFileReference; lastKnownFileType = folder.assetcatalog; path = Assets.xcassets; sourceTree = "<group>"; };
		10B187371D37C01200F00978 /* Base */ = {isa = PBXFileReference; lastKnownFileType = file.storyboard; name = Base; path = Base.lproj/LaunchScreen.storyboard; sourceTree = "<group>"; };
		10B187391D37C01200F00978 /* Info.plist */ = {isa = PBXFileReference; lastKnownFileType = text.plist.xml; path = Info.plist; sourceTree = "<group>"; };
		10B187401D37C04700F00978 /* FNPaperShredder.swift */ = {isa = PBXFileReference; fileEncoding = 4; lastKnownFileType = sourcecode.swift; path = FNPaperShredder.swift; sourceTree = "<group>"; };
		10B187421D37C72F00F00978 /* FNGrayPart.swift */ = {isa = PBXFileReference; fileEncoding = 4; lastKnownFileType = sourcecode.swift; path = FNGrayPart.swift; sourceTree = "<group>"; };
		10B187441D37D3AD00F00978 /* FNPaperBar.swift */ = {isa = PBXFileReference; fileEncoding = 4; lastKnownFileType = sourcecode.swift; path = FNPaperBar.swift; sourceTree = "<group>"; };
		10B187461D38057A00F00978 /* FNPaperPieceFall.swift */ = {isa = PBXFileReference; fileEncoding = 4; lastKnownFileType = sourcecode.swift; path = FNPaperPieceFall.swift; sourceTree = "<group>"; };
		10B187491D38092C00F00978 /* paperPiece.png */ = {isa = PBXFileReference; lastKnownFileType = image.png; path = paperPiece.png; sourceTree = "<group>"; };
/* End PBXFileReference section */

/* Begin PBXFrameworksBuildPhase section */
		10B187271D37C01200F00978 /* Frameworks */ = {
			isa = PBXFrameworksBuildPhase;
			buildActionMask = 2147483647;
			files = (
			);
			runOnlyForDeploymentPostprocessing = 0;
		};
/* End PBXFrameworksBuildPhase section */

/* Begin PBXGroup section */
		10B187211D37C01200F00978 = {
			isa = PBXGroup;
			children = (
				10B1872C1D37C01200F00978 /* FNPaperShredder */,
				10B1872B1D37C01200F00978 /* Products */,
			);
			sourceTree = "<group>";
		};
		10B1872B1D37C01200F00978 /* Products */ = {
			isa = PBXGroup;
			children = (
				10B1872A1D37C01200F00978 /* FNPaperShredder.app */,
			);
			name = Products;
			sourceTree = "<group>";
		};
		10B1872C1D37C01200F00978 /* FNPaperShredder */ = {
			isa = PBXGroup;
			children = (
				10B1873F1D37C03700F00978 /* FNPaperShredder */,
				10B1872D1D37C01200F00978 /* AppDelegate.swift */,
				10B1872F1D37C01200F00978 /* ViewController.swift */,
				10B187311D37C01200F00978 /* Main.storyboard */,
				10B187341D37C01200F00978 /* Assets.xcassets */,
				10B187361D37C01200F00978 /* LaunchScreen.storyboard */,
				10B187391D37C01200F00978 /* Info.plist */,
			);
			path = FNPaperShredder;
			sourceTree = "<group>";
		};
		10B1873F1D37C03700F00978 /* FNPaperShredder */ = {
			isa = PBXGroup;
			children = (
				10B187481D38092C00F00978 /* Resource */,
				10B187401D37C04700F00978 /* FNPaperShredder.swift */,
				10B187421D37C72F00F00978 /* FNGrayPart.swift */,
				10B187441D37D3AD00F00978 /* FNPaperBar.swift */,
				10B187461D38057A00F00978 /* FNPaperPieceFall.swift */,
			);
			path = FNPaperShredder;
			sourceTree = "<group>";
		};
		10B187481D38092C00F00978 /* Resource */ = {
			isa = PBXGroup;
			children = (
				10B187491D38092C00F00978 /* paperPiece.png */,
			);
			path = Resource;
			sourceTree = "<group>";
		};
/* End PBXGroup section */

/* Begin PBXNativeTarget section */
		10B187291D37C01200F00978 /* FNPaperShredder */ = {
			isa = PBXNativeTarget;
			buildConfigurationList = 10B1873C1D37C01200F00978 /* Build configuration list for PBXNativeTarget "FNPaperShredder" */;
			buildPhases = (
				10B187261D37C01200F00978 /* Sources */,
				10B187271D37C01200F00978 /* Frameworks */,
				10B187281D37C01200F00978 /* Resources */,
			);
			buildRules = (
			);
			dependencies = (
			);
			name = FNPaperShredder;
			productName = FNPaperShredder;
			productReference = 10B1872A1D37C01200F00978 /* FNPaperShredder.app */;
			productType = "com.apple.product-type.application";
		};
/* End PBXNativeTarget section */

/* Begin PBXProject section */
		10B187221D37C01200F00978 /* Project object */ = {
			isa = PBXProject;
			attributes = {
				LastSwiftUpdateCheck = 0730;
				LastUpgradeCheck = 0730;
				ORGANIZATIONNAME = Fnoz;
				TargetAttributes = {
					10B187291D37C01200F00978 = {
						CreatedOnToolsVersion = 7.3.1;
					};
				};
			};
			buildConfigurationList = 10B187251D37C01200F00978 /* Build configuration list for PBXProject "FNPaperShredder" */;
			compatibilityVersion = "Xcode 3.2";
			developmentRegion = English;
			hasScannedForEncodings = 0;
			knownRegions = (
				en,
				Base,
			);
			mainGroup = 10B187211D37C01200F00978;
			productRefGroup = 10B1872B1D37C01200F00978 /* Products */;
			projectDirPath = "";
			projectRoot = "";
			targets = (
				10B187291D37C01200F00978 /* FNPaperShredder */,
			);
		};
/* End PBXProject section */

/* Begin PBXResourcesBuildPhase section */
		10B187281D37C01200F00978 /* Resources */ = {
			isa = PBXResourcesBuildPhase;
			buildActionMask = 2147483647;
			files = (
				10B187381D37C01200F00978 /* LaunchScreen.storyboard in Resources */,
				10B187351D37C01200F00978 /* Assets.xcassets in Resources */,
				10B187331D37C01200F00978 /* Main.storyboard in Resources */,
				10B1874A1D38092C00F00978 /* paperPiece.png in Resources */,
			);
			runOnlyForDeploymentPostprocessing = 0;
		};
/* End PBXResourcesBuildPhase section */

/* Begin PBXSourcesBuildPhase section */
		10B187261D37C01200F00978 /* Sources */ = {
			isa = PBXSourcesBuildPhase;
			buildActionMask = 2147483647;
			files = (
				10B187411D37C04700F00978 /* FNPaperShredder.swift in Sources */,
				10B187431D37C72F00F00978 /* FNGrayPart.swift in Sources */,
				10B187451D37D3AD00F00978 /* FNPaperBar.swift in Sources */,
				10B187301D37C01200F00978 /* ViewController.swift in Sources */,
				10B1872E1D37C01200F00978 /* AppDelegate.swift in Sources */,
				10B187471D38057A00F00978 /* FNPaperPieceFall.swift in Sources */,
			);
			runOnlyForDeploymentPostprocessing = 0;
		};
/* End PBXSourcesBuildPhase section */

/* Begin PBXVariantGroup section */
		10B187311D37C01200F00978 /* Main.storyboard */ = {
			isa = PBXVariantGroup;
			children = (
				10B187321D37C01200F00978 /* Base */,
			);
			name = Main.storyboard;
			sourceTree = "<group>";
		};
		10B187361D37C01200F00978 /* LaunchScreen.storyboard */ = {
			isa = PBXVariantGroup;
			children = (
				10B187371D37C01200F00978 /* Base */,
			);
			name = LaunchScreen.storyboard;
			sourceTree = "<group>";
		};
/* End PBXVariantGroup section */

/* Begin XCBuildConfiguration section */
		10B1873A1D37C01200F00978 /* Debug */ = {
			isa = XCBuildConfiguration;
			buildSettings = {
				ALWAYS_SEARCH_USER_PATHS = NO;
				CLANG_ANALYZER_NONNULL = YES;
				CLANG_CXX_LANGUAGE_STANDARD = "gnu++0x";
				CLANG_CXX_LIBRARY = "libc++";
				CLANG_ENABLE_MODULES = YES;
				CLANG_ENABLE_OBJC_ARC = YES;
				CLANG_WARN_BOOL_CONVERSION = YES;
				CLANG_WARN_CONSTANT_CONVERSION = YES;
				CLANG_WARN_DIRECT_OBJC_ISA_USAGE = YES_ERROR;
				CLANG_WARN_EMPTY_BODY = YES;
				CLANG_WARN_ENUM_CONVERSION = YES;
				CLANG_WARN_INT_CONVERSION = YES;
				CLANG_WARN_OBJC_ROOT_CLASS = YES_ERROR;
				CLANG_WARN_UNREACHABLE_CODE = YES;
				CLANG_WARN__DUPLICATE_METHOD_MATCH = YES;
				"CODE_SIGN_IDENTITY[sdk=iphoneos*]" = "iPhone Developer";
				COPY_PHASE_STRIP = NO;
				DEBUG_INFORMATION_FORMAT = dwarf;
				ENABLE_STRICT_OBJC_MSGSEND = YES;
				ENABLE_TESTABILITY = YES;
				GCC_C_LANGUAGE_STANDARD = gnu99;
				GCC_DYNAMIC_NO_PIC = NO;
				GCC_NO_COMMON_BLOCKS = YES;
				GCC_OPTIMIZATION_LEVEL = 0;
				GCC_PREPROCESSOR_DEFINITIONS = (
					"DEBUG=1",
					"$(inherited)",
				);
				GCC_WARN_64_TO_32_BIT_CONVERSION = YES;
				GCC_WARN_ABOUT_RETURN_TYPE = YES_ERROR;
				GCC_WARN_UNDECLARED_SELECTOR = YES;
				GCC_WARN_UNINITIALIZED_AUTOS = YES_AGGRESSIVE;
				GCC_WARN_UNUSED_FUNCTION = YES;
				GCC_WARN_UNUSED_VARIABLE = YES;
				IPHONEOS_DEPLOYMENT_TARGET = 9.3;
				MTL_ENABLE_DEBUG_INFO = YES;
				ONLY_ACTIVE_ARCH = YES;
				SDKROOT = iphoneos;
				SWIFT_OPTIMIZATION_LEVEL = "-Onone";
			};
			name = Debug;
		};
		10B1873B1D37C01200F00978 /* Release */ = {
			isa = XCBuildConfiguration;
			buildSettings = {
				ALWAYS_SEARCH_USER_PATHS = NO;
				CLANG_ANALYZER_NONNULL = YES;
				CLANG_CXX_LANGUAGE_STANDARD = "gnu++0x";
				CLANG_CXX_LIBRARY = "libc++";
				CLANG_ENABLE_MODULES = YES;
				CLANG_ENABLE_OBJC_ARC = YES;
				CLANG_WARN_BOOL_CONVERSION = YES;
				CLANG_WARN_CONSTANT_CONVERSION = YES;
				CLANG_WARN_DIRECT_OBJC_ISA_USAGE = YES_ERROR;
				CLANG_WARN_EMPTY_BODY = YES;
				CLANG_WARN_ENUM_CONVERSION = YES;
				CLANG_WARN_INT_CONVERSION = YES;
				CLANG_WARN_OBJC_ROOT_CLASS = YES_ERROR;
				CLANG_WARN_UNREACHABLE_CODE = YES;
				CLANG_WARN__DUPLICATE_METHOD_MATCH = YES;
				"CODE_SIGN_IDENTITY[sdk=iphoneos*]" = "iPhone Developer";
				COPY_PHASE_STRIP = NO;
				DEBUG_INFORMATION_FORMAT = "dwarf-with-dsym";
				ENABLE_NS_ASSERTIONS = NO;
				ENABLE_STRICT_OBJC_MSGSEND = YES;
				GCC_C_LANGUAGE_STANDARD = gnu99;
				GCC_NO_COMMON_BLOCKS = YES;
				GCC_WARN_64_TO_32_BIT_CONVERSION = YES;
				GCC_WARN_ABOUT_RETURN_TYPE = YES_ERROR;
				GCC_WARN_UNDECLARED_SELECTOR = YES;
				GCC_WARN_UNINITIALIZED_AUTOS = YES_AGGRESSIVE;
				GCC_WARN_UNUSED_FUNCTION = YES;
				GCC_WARN_UNUSED_VARIABLE = YES;
				IPHONEOS_DEPLOYMENT_TARGET = 9.3;
				MTL_ENABLE_DEBUG_INFO = NO;
				SDKROOT = iphoneos;
				VALIDATE_PRODUCT = YES;
			};
			name = Release;
		};
		10B1873D1D37C01200F00978 /* Debug */ = {
			isa = XCBuildConfiguration;
			buildSettings = {
				ASSETCATALOG_COMPILER_APPICON_NAME = AppIcon;
				INFOPLIST_FILE = FNPaperShredder/Info.plist;
				LD_RUNPATH_SEARCH_PATHS = "$(inherited) @executable_path/Frameworks";
				PRODUCT_BUNDLE_IDENTIFIER = Fnoz.FNPaperShredder;
				PRODUCT_NAME = "$(TARGET_NAME)";
			};
			name = Debug;
		};
		10B1873E1D37C01200F00978 /* Release */ = {
			isa = XCBuildConfiguration;
			buildSettings = {
				ASSETCATALOG_COMPILER_APPICON_NAME = AppIcon;
				INFOPLIST_FILE = FNPaperShredder/Info.plist;
				LD_RUNPATH_SEARCH_PATHS = "$(inherited) @executable_path/Frameworks";
				PRODUCT_BUNDLE_IDENTIFIER = Fnoz.FNPaperShredder;
				PRODUCT_NAME = "$(TARGET_NAME)";
			};
			name = Release;
		};
/* End XCBuildConfiguration section */

/* Begin XCConfigurationList section */
		10B187251D37C01200F00978 /* Build configuration list for PBXProject "FNPaperShredder" */ = {
			isa = XCConfigurationList;
			buildConfigurations = (
				10B1873A1D37C01200F00978 /* Debug */,
				10B1873B1D37C01200F00978 /* Release */,
			);
			defaultConfigurationIsVisible = 0;
			defaultConfigurationName = Release;
		};
		10B1873C1D37C01200F00978 /* Build configuration list for PBXNativeTarget "FNPaperShredder" */ = {
			isa = XCConfigurationList;
			buildConfigurations = (
				10B1873D1D37C01200F00978 /* Debug */,
				10B1873E1D37C01200F00978 /* Release */,
			);
			defaultConfigurationIsVisible = 0;
		};
/* End XCConfigurationList section */
	};
	rootObject = 10B187221D37C01200F00978 /* Project object */;
}
